// !$*UTF8*$!
{
	archiveVersion = 1;
	classes = {
	};
	objectVersion = 46;
	objects = {

/* Begin PBXBuildFile section */
		17AA00CB1D134661005E8EB7 /* Gomez10.png in Resources */ = {isa = PBXBuildFile; fileRef = 17AA00CA1D134661005E8EB7 /* Gomez10.png */; };
		17C407F61D12DA500017B400 /* AppDelegate.swift in Sources */ = {isa = PBXBuildFile; fileRef = 17C407F51D12DA500017B400 /* AppDelegate.swift */; };
		17C407F81D12DA500017B400 /* GameScene.sks in Resources */ = {isa = PBXBuildFile; fileRef = 17C407F71D12DA500017B400 /* GameScene.sks */; };
		17C407FA1D12DA500017B400 /* Actions.sks in Resources */ = {isa = PBXBuildFile; fileRef = 17C407F91D12DA500017B400 /* Actions.sks */; };
		17C407FC1D12DA500017B400 /* GameScene.swift in Sources */ = {isa = PBXBuildFile; fileRef = 17C407FB1D12DA500017B400 /* GameScene.swift */; };
		17C407FE1D12DA500017B400 /* GameViewController.swift in Sources */ = {isa = PBXBuildFile; fileRef = 17C407FD1D12DA500017B400 /* GameViewController.swift */; };
		17C408011D12DA500017B400 /* Main.storyboard in Resources */ = {isa = PBXBuildFile; fileRef = 17C407FF1D12DA500017B400 /* Main.storyboard */; };
		17C408031D12DA500017B400 /* Assets.xcassets in Resources */ = {isa = PBXBuildFile; fileRef = 17C408021D12DA500017B400 /* Assets.xcassets */; };
		17C408061D12DA500017B400 /* LaunchScreen.storyboard in Resources */ = {isa = PBXBuildFile; fileRef = 17C408041D12DA500017B400 /* LaunchScreen.storyboard */; };
		17C408111D12DA500017B400 /* Death_DodgerTests.swift in Sources */ = {isa = PBXBuildFile; fileRef = 17C408101D12DA500017B400 /* Death_DodgerTests.swift */; };
		17C4081C1D12DA500017B400 /* Death_DodgerUITests.swift in Sources */ = {isa = PBXBuildFile; fileRef = 17C4081B1D12DA500017B400 /* Death_DodgerUITests.swift */; };
		17C892C61D174F77007D731D /* Confetti.sks in Resources */ = {isa = PBXBuildFile; fileRef = 17C892C51D174F77007D731D /* Confetti.sks */; };
		17C892DC1D182C8D007D731D /* GameKit.framework in Frameworks */ = {isa = PBXBuildFile; fileRef = 17C892DB1D182C8D007D731D /* GameKit.framework */; };
/* End PBXBuildFile section */

/* Begin PBXContainerItemProxy section */
		171418BB1D1616980020FC02 /* PBXContainerItemProxy */ = {
			isa = PBXContainerItemProxy;
			containerPortal = 171418B51D1616970020FC02 /* Death Dodger tvOS.xcodeproj */;
			proxyType = 2;
			remoteGlobalIDString = 1714187F1D1616970020FC02;
			remoteInfo = "Death Dodger tvOS";
		};
		171418BD1D1616980020FC02 /* PBXContainerItemProxy */ = {
			isa = PBXContainerItemProxy;
			containerPortal = 171418B51D1616970020FC02 /* Death Dodger tvOS.xcodeproj */;
			proxyType = 2;
			remoteGlobalIDString = 171418981D1616970020FC02;
			remoteInfo = "Death Dodger tvOSTests";
		};
		171418BF1D1616980020FC02 /* PBXContainerItemProxy */ = {
			isa = PBXContainerItemProxy;
			containerPortal = 171418B51D1616970020FC02 /* Death Dodger tvOS.xcodeproj */;
			proxyType = 2;
			remoteGlobalIDString = 171418A31D1616970020FC02;
			remoteInfo = "Death Dodger tvOSUITests";
		};
		17C4080D1D12DA500017B400 /* PBXContainerItemProxy */ = {
			isa = PBXContainerItemProxy;
			containerPortal = 17C407EA1D12DA500017B400 /* Project object */;
			proxyType = 1;
			remoteGlobalIDString = 17C407F11D12DA500017B400;
			remoteInfo = "Death Dodger";
		};
		17C408181D12DA500017B400 /* PBXContainerItemProxy */ = {
			isa = PBXContainerItemProxy;
			containerPortal = 17C407EA1D12DA500017B400 /* Project object */;
			proxyType = 1;
			remoteGlobalIDString = 17C407F11D12DA500017B400;
			remoteInfo = "Death Dodger";
		};
/* End PBXContainerItemProxy section */

/* Begin PBXFileReference section */
		171418B51D1616970020FC02 /* Death Dodger tvOS.xcodeproj */ = {isa = PBXFileReference; lastKnownFileType = "wrapper.pb-project"; name = "Death Dodger tvOS.xcodeproj"; path = "Death Dodger tvOS/Death Dodger tvOS.xcodeproj"; sourceTree = "<group>"; };
		17AA00CA1D134661005E8EB7 /* Gomez10.png */ = {isa = PBXFileReference; lastKnownFileType = image.png; path = Gomez10.png; sourceTree = "<group>"; };
		17C407F21D12DA500017B400 /* Death Dodger.app */ = {isa = PBXFileReference; explicitFileType = wrapper.application; includeInIndex = 0; path = "Death Dodger.app"; sourceTree = BUILT_PRODUCTS_DIR; };
		17C407F51D12DA500017B400 /* AppDelegate.swift */ = {isa = PBXFileReference; lastKnownFileType = sourcecode.swift; path = AppDelegate.swift; sourceTree = "<group>"; };
		17C407F71D12DA500017B400 /* GameScene.sks */ = {isa = PBXFileReference; lastKnownFileType = file.sks; path = GameScene.sks; sourceTree = "<group>"; };
		17C407F91D12DA500017B400 /* Actions.sks */ = {isa = PBXFileReference; lastKnownFileType = file.sks; path = Actions.sks; sourceTree = "<group>"; };
		17C407FB1D12DA500017B400 /* GameScene.swift */ = {isa = PBXFileReference; lastKnownFileType = sourcecode.swift; path = GameScene.swift; sourceTree = "<group>"; };
		17C407FD1D12DA500017B400 /* GameViewController.swift */ = {isa = PBXFileReference; lastKnownFileType = sourcecode.swift; path = GameViewController.swift; sourceTree = "<group>"; };
		17C408001D12DA500017B400 /* Base */ = {isa = PBXFileReference; lastKnownFileType = file.storyboard; name = Base; path = Base.lproj/Main.storyboard; sourceTree = "<group>"; };
		17C408021D12DA500017B400 /* Assets.xcassets */ = {isa = PBXFileReference; lastKnownFileType = folder.assetcatalog; path = Assets.xcassets; sourceTree = "<group>"; };
		17C408051D12DA500017B400 /* Base */ = {isa = PBXFileReference; lastKnownFileType = file.storyboard; name = Base; path = Base.lproj/LaunchScreen.storyboard; sourceTree = "<group>"; };
		17C408071D12DA500017B400 /* Info.plist */ = {isa = PBXFileReference; lastKnownFileType = text.plist.xml; path = Info.plist; sourceTree = "<group>"; };
		17C4080C1D12DA500017B400 /* Death DodgerTests.xctest */ = {isa = PBXFileReference; explicitFileType = wrapper.cfbundle; includeInIndex = 0; path = "Death DodgerTests.xctest"; sourceTree = BUILT_PRODUCTS_DIR; };
		17C408101D12DA500017B400 /* Death_DodgerTests.swift */ = {isa = PBXFileReference; lastKnownFileType = sourcecode.swift; path = Death_DodgerTests.swift; sourceTree = "<group>"; };
		17C408121D12DA500017B400 /* Info.plist */ = {isa = PBXFileReference; lastKnownFileType = text.plist.xml; path = Info.plist; sourceTree = "<group>"; };
		17C408171D12DA500017B400 /* Death DodgerUITests.xctest */ = {isa = PBXFileReference; explicitFileType = wrapper.cfbundle; includeInIndex = 0; path = "Death DodgerUITests.xctest"; sourceTree = BUILT_PRODUCTS_DIR; };
		17C4081B1D12DA500017B400 /* Death_DodgerUITests.swift */ = {isa = PBXFileReference; lastKnownFileType = sourcecode.swift; path = Death_DodgerUITests.swift; sourceTree = "<group>"; };
		17C4081D1D12DA500017B400 /* Info.plist */ = {isa = PBXFileReference; lastKnownFileType = text.plist.xml; path = Info.plist; sourceTree = "<group>"; };
		17C892C51D174F77007D731D /* Confetti.sks */ = {isa = PBXFileReference; lastKnownFileType = file.sks; path = Confetti.sks; sourceTree = "<group>"; };
		17C892DB1D182C8D007D731D /* GameKit.framework */ = {isa = PBXFileReference; lastKnownFileType = wrapper.framework; name = GameKit.framework; path = System/Library/Frameworks/GameKit.framework; sourceTree = SDKROOT; };
/* End PBXFileReference section */

/* Begin PBXFrameworksBuildPhase section */
		17C407EF1D12DA500017B400 /* Frameworks */ = {
			isa = PBXFrameworksBuildPhase;
			buildActionMask = 2147483647;
			files = (
				17C892DC1D182C8D007D731D /* GameKit.framework in Frameworks */,
			);
			runOnlyForDeploymentPostprocessing = 0;
		};
		17C408091D12DA500017B400 /* Frameworks */ = {
			isa = PBXFrameworksBuildPhase;
			buildActionMask = 2147483647;
			files = (
			);
			runOnlyForDeploymentPostprocessing = 0;
		};
		17C408141D12DA500017B400 /* Frameworks */ = {
			isa = PBXFrameworksBuildPhase;
			buildActionMask = 2147483647;
			files = (
			);
			runOnlyForDeploymentPostprocessing = 0;
		};
/* End PBXFrameworksBuildPhase section */

/* Begin PBXGroup section */
		171418B61D1616970020FC02 /* Products */ = {
			isa = PBXGroup;
			children = (
				171418BC1D1616980020FC02 /* Death Dodger tvOS.app */,
				171418BE1D1616980020FC02 /* Death Dodger tvOSTests.xctest */,
				171418C01D1616980020FC02 /* Death Dodger tvOSUITests.xctest */,
			);
			name = Products;
			sourceTree = "<group>";
		};
		17C407E91D12DA500017B400 = {
			isa = PBXGroup;
			children = (
				171418B51D1616970020FC02 /* Death Dodger tvOS.xcodeproj */,
				17C407F41D12DA500017B400 /* Death Dodger */,
				17C4080F1D12DA500017B400 /* Death DodgerTests */,
				17C4081A1D12DA500017B400 /* Death DodgerUITests */,
				17C407F31D12DA500017B400 /* Products */,
				17C892DA1D182C8D007D731D /* Frameworks */,
			);
			sourceTree = "<group>";
		};
		17C407F31D12DA500017B400 /* Products */ = {
			isa = PBXGroup;
			children = (
				17C407F21D12DA500017B400 /* Death Dodger.app */,
				17C4080C1D12DA500017B400 /* Death DodgerTests.xctest */,
				17C408171D12DA500017B400 /* Death DodgerUITests.xctest */,
			);
			name = Products;
			sourceTree = "<group>";
		};
		17C407F41D12DA500017B400 /* Death Dodger */ = {
			isa = PBXGroup;
			children = (
				17C407F51D12DA500017B400 /* AppDelegate.swift */,
				17C407F71D12DA500017B400 /* GameScene.sks */,
				17C407F91D12DA500017B400 /* Actions.sks */,
				17C892C51D174F77007D731D /* Confetti.sks */,
				17C407FB1D12DA500017B400 /* GameScene.swift */,
				17C407FD1D12DA500017B400 /* GameViewController.swift */,
				17AA00CA1D134661005E8EB7 /* Gomez10.png */,
				17C407FF1D12DA500017B400 /* Main.storyboard */,
				17C408021D12DA500017B400 /* Assets.xcassets */,
				17C408041D12DA500017B400 /* LaunchScreen.storyboard */,
				17C408071D12DA500017B400 /* Info.plist */,
			);
			path = "Death Dodger";
			sourceTree = "<group>";
		};
		17C4080F1D12DA500017B400 /* Death DodgerTests */ = {
			isa = PBXGroup;
			children = (
				17C408101D12DA500017B400 /* Death_DodgerTests.swift */,
				17C408121D12DA500017B400 /* Info.plist */,
			);
			path = "Death DodgerTests";
			sourceTree = "<group>";
		};
		17C4081A1D12DA500017B400 /* Death DodgerUITests */ = {
			isa = PBXGroup;
			children = (
				17C4081B1D12DA500017B400 /* Death_DodgerUITests.swift */,
				17C4081D1D12DA500017B400 /* Info.plist */,
			);
			path = "Death DodgerUITests";
			sourceTree = "<group>";
		};
		17C892DA1D182C8D007D731D /* Frameworks */ = {
			isa = PBXGroup;
			children = (
				17C892DB1D182C8D007D731D /* GameKit.framework */,
			);
			name = Frameworks;
			sourceTree = "<group>";
		};
/* End PBXGroup section */

/* Begin PBXNativeTarget section */
		17C407F11D12DA500017B400 /* Death Dodger */ = {
			isa = PBXNativeTarget;
			buildConfigurationList = 17C408201D12DA500017B400 /* Build configuration list for PBXNativeTarget "Death Dodger" */;
			buildPhases = (
				17C407EE1D12DA500017B400 /* Sources */,
				17C407EF1D12DA500017B400 /* Frameworks */,
				17C407F01D12DA500017B400 /* Resources */,
			);
			buildRules = (
			);
			dependencies = (
			);
			name = "Death Dodger";
			productName = "Death Dodger";
			productReference = 17C407F21D12DA500017B400 /* Death Dodger.app */;
			productType = "com.apple.product-type.application";
		};
		17C4080B1D12DA500017B400 /* Death DodgerTests */ = {
			isa = PBXNativeTarget;
			buildConfigurationList = 17C408231D12DA500017B400 /* Build configuration list for PBXNativeTarget "Death DodgerTests" */;
			buildPhases = (
				17C408081D12DA500017B400 /* Sources */,
				17C408091D12DA500017B400 /* Frameworks */,
				17C4080A1D12DA500017B400 /* Resources */,
			);
			buildRules = (
			);
			dependencies = (
				17C4080E1D12DA500017B400 /* PBXTargetDependency */,
			);
			name = "Death DodgerTests";
			productName = "Death DodgerTests";
			productReference = 17C4080C1D12DA500017B400 /* Death DodgerTests.xctest */;
			productType = "com.apple.product-type.bundle.unit-test";
		};
		17C408161D12DA500017B400 /* Death DodgerUITests */ = {
			isa = PBXNativeTarget;
			buildConfigurationList = 17C408261D12DA500017B400 /* Build configuration list for PBXNativeTarget "Death DodgerUITests" */;
			buildPhases = (
				17C408131D12DA500017B400 /* Sources */,
				17C408141D12DA500017B400 /* Frameworks */,
				17C408151D12DA500017B400 /* Resources */,
			);
			buildRules = (
			);
			dependencies = (
				17C408191D12DA500017B400 /* PBXTargetDependency */,
			);
			name = "Death DodgerUITests";
			productName = "Death DodgerUITests";
			productReference = 17C408171D12DA500017B400 /* Death DodgerUITests.xctest */;
			productType = "com.apple.product-type.bundle.ui-testing";
		};
/* End PBXNativeTarget section */

/* Begin PBXProject section */
		17C407EA1D12DA500017B400 /* Project object */ = {
			isa = PBXProject;
			attributes = {
				LastSwiftUpdateCheck = 0800;
				LastUpgradeCheck = 0800;
				ORGANIZATIONNAME = "Eli Bradley";
				TargetAttributes = {
					17C407F11D12DA500017B400 = {
						CreatedOnToolsVersion = 8.0;
						DevelopmentTeam = M64HPXXUJF;
						DevelopmentTeamName = "BERTRAM BRADLEY";
						ProvisioningStyle = Automatic;
						SystemCapabilities = {
							com.apple.GameCenter = {
								enabled = 1;
							};
						};
					};
					17C4080B1D12DA500017B400 = {
						CreatedOnToolsVersion = 8.0;
						DevelopmentTeam = M64HPXXUJF;
						DevelopmentTeamName = "BERTRAM BRADLEY";
						ProvisioningStyle = Automatic;
						TestTargetID = 17C407F11D12DA500017B400;
					};
					17C408161D12DA500017B400 = {
						CreatedOnToolsVersion = 8.0;
						DevelopmentTeam = M64HPXXUJF;
						DevelopmentTeamName = "BERTRAM BRADLEY";
						ProvisioningStyle = Automatic;
						TestTargetID = 17C407F11D12DA500017B400;
					};
				};
			};
			buildConfigurationList = 17C407ED1D12DA500017B400 /* Build configuration list for PBXProject "Death Dodger" */;
			compatibilityVersion = "Xcode 3.2";
			developmentRegion = English;
			hasScannedForEncodings = 0;
			knownRegions = (
				en,
				Base,
			);
			mainGroup = 17C407E91D12DA500017B400;
			productRefGroup = 17C407F31D12DA500017B400 /* Products */;
			projectDirPath = "";
			projectReferences = (
				{
					ProductGroup = 171418B61D1616970020FC02 /* Products */;
					ProjectRef = 171418B51D1616970020FC02 /* Death Dodger tvOS.xcodeproj */;
				},
			);
			projectRoot = "";
			targets = (
				17C407F11D12DA500017B400 /* Death Dodger */,
				17C4080B1D12DA500017B400 /* Death DodgerTests */,
				17C408161D12DA500017B400 /* Death DodgerUITests */,
			);
		};
/* End PBXProject section */

/* Begin PBXReferenceProxy section */
		171418BC1D1616980020FC02 /* Death Dodger tvOS.app */ = {
			isa = PBXReferenceProxy;
			fileType = wrapper.application;
			path = "Death Dodger tvOS.app";
			remoteRef = 171418BB1D1616980020FC02 /* PBXContainerItemProxy */;
			sourceTree = BUILT_PRODUCTS_DIR;
		};
		171418BE1D1616980020FC02 /* Death Dodger tvOSTests.xctest */ = {
			isa = PBXReferenceProxy;
			fileType = wrapper.cfbundle;
			path = "Death Dodger tvOSTests.xctest";
			remoteRef = 171418BD1D1616980020FC02 /* PBXContainerItemProxy */;
			sourceTree = BUILT_PRODUCTS_DIR;
		};
		171418C01D1616980020FC02 /* Death Dodger tvOSUITests.xctest */ = {
			isa = PBXReferenceProxy;
			fileType = wrapper.cfbundle;
			path = "Death Dodger tvOSUITests.xctest";
			remoteRef = 171418BF1D1616980020FC02 /* PBXContainerItemProxy */;
			sourceTree = BUILT_PRODUCTS_DIR;
		};
/* End PBXReferenceProxy section */

/* Begin PBXResourcesBuildPhase section */
		17C407F01D12DA500017B400 /* Resources */ = {
			isa = PBXResourcesBuildPhase;
			buildActionMask = 2147483647;
			files = (
				17C408011D12DA500017B400 /* Main.storyboard in Resources */,
				17C407F81D12DA500017B400 /* GameScene.sks in Resources */,
				17C408031D12DA500017B400 /* Assets.xcassets in Resources */,
				17AA00CB1D134661005E8EB7 /* Gomez10.png in Resources */,
				17C892C61D174F77007D731D /* Confetti.sks in Resources */,
				17C408061D12DA500017B400 /* LaunchScreen.storyboard in Resources */,
				17C407FA1D12DA500017B400 /* Actions.sks in Resources */,
			);
			runOnlyForDeploymentPostprocessing = 0;
		};
		17C4080A1D12DA500017B400 /* Resources */ = {
			isa = PBXResourcesBuildPhase;
			buildActionMask = 2147483647;
			files = (
			);
			runOnlyForDeploymentPostprocessing = 0;
		};
		17C408151D12DA500017B400 /* Resources */ = {
			isa = PBXResourcesBuildPhase;
			buildActionMask = 2147483647;
			files = (
			);
			runOnlyForDeploymentPostprocessing = 0;
		};
/* End PBXResourcesBuildPhase section */

/* Begin PBXSourcesBuildPhase section */
		17C407EE1D12DA500017B400 /* Sources */ = {
			isa = PBXSourcesBuildPhase;
			buildActionMask = 2147483647;
			files = (
				17C407FC1D12DA500017B400 /* GameScene.swift in Sources */,
				17C407FE1D12DA500017B400 /* GameViewController.swift in Sources */,
				17C407F61D12DA500017B400 /* AppDelegate.swift in Sources */,
			);
			runOnlyForDeploymentPostprocessing = 0;
		};
		17C408081D12DA500017B400 /* Sources */ = {
			isa = PBXSourcesBuildPhase;
			buildActionMask = 2147483647;
			files = (
				17C408111D12DA500017B400 /* Death_DodgerTests.swift in Sources */,
			);
			runOnlyForDeploymentPostprocessing = 0;
		};
		17C408131D12DA500017B400 /* Sources */ = {
			isa = PBXSourcesBuildPhase;
			buildActionMask = 2147483647;
			files = (
				17C4081C1D12DA500017B400 /* Death_DodgerUITests.swift in Sources */,
			);
			runOnlyForDeploymentPostprocessing = 0;
		};
/* End PBXSourcesBuildPhase section */

/* Begin PBXTargetDependency section */
		17C4080E1D12DA500017B400 /* PBXTargetDependency */ = {
			isa = PBXTargetDependency;
			target = 17C407F11D12DA500017B400 /* Death Dodger */;
			targetProxy = 17C4080D1D12DA500017B400 /* PBXContainerItemProxy */;
		};
		17C408191D12DA500017B400 /* PBXTargetDependency */ = {
			isa = PBXTargetDependency;
			target = 17C407F11D12DA500017B400 /* Death Dodger */;
			targetProxy = 17C408181D12DA500017B400 /* PBXContainerItemProxy */;
		};
/* End PBXTargetDependency section */

/* Begin PBXVariantGroup section */
		17C407FF1D12DA500017B400 /* Main.storyboard */ = {
			isa = PBXVariantGroup;
			children = (
				17C408001D12DA500017B400 /* Base */,
			);
			name = Main.storyboard;
			sourceTree = "<group>";
		};
		17C408041D12DA500017B400 /* LaunchScreen.storyboard */ = {
			isa = PBXVariantGroup;
			children = (
				17C408051D12DA500017B400 /* Base */,
			);
			name = LaunchScreen.storyboard;
			sourceTree = "<group>";
		};
/* End PBXVariantGroup section */

/* Begin XCBuildConfiguration section */
		17C4081E1D12DA500017B400 /* Debug */ = {
			isa = XCBuildConfiguration;
			buildSettings = {
				ALWAYS_SEARCH_USER_PATHS = NO;
				CLANG_ANALYZER_NONNULL = YES;
				CLANG_CXX_LANGUAGE_STANDARD = "gnu++0x";
				CLANG_CXX_LIBRARY = "libc++";
				CLANG_ENABLE_MODULES = YES;
				CLANG_ENABLE_OBJC_ARC = YES;
				CLANG_WARN_BOOL_CONVERSION = YES;
				CLANG_WARN_CONSTANT_CONVERSION = YES;
				CLANG_WARN_DIRECT_OBJC_ISA_USAGE = YES_ERROR;
				CLANG_WARN_DOCUMENTATION_COMMENTS = YES;
				CLANG_WARN_EMPTY_BODY = YES;
				CLANG_WARN_ENUM_CONVERSION = YES;
				CLANG_WARN_INT_CONVERSION = YES;
				CLANG_WARN_OBJC_ROOT_CLASS = YES_ERROR;
				CLANG_WARN_UNREACHABLE_CODE = YES;
				CLANG_WARN__DUPLICATE_METHOD_MATCH = YES;
				"CODE_SIGN_IDENTITY[sdk=iphoneos*]" = "iPhone Developer";
				COPY_PHASE_STRIP = NO;
				DEBUG_INFORMATION_FORMAT = "dwarf-with-dsym";
				ENABLE_STRICT_OBJC_MSGSEND = YES;
				ENABLE_TESTABILITY = YES;
				GCC_C_LANGUAGE_STANDARD = gnu99;
				GCC_DYNAMIC_NO_PIC = NO;
				GCC_NO_COMMON_BLOCKS = YES;
				GCC_OPTIMIZATION_LEVEL = 0;
				GCC_PREPROCESSOR_DEFINITIONS = (
					"DEBUG=1",
					"$(inherited)",
				);
				GCC_WARN_64_TO_32_BIT_CONVERSION = YES;
				GCC_WARN_ABOUT_RETURN_TYPE = YES_ERROR;
				GCC_WARN_UNDECLARED_SELECTOR = YES;
				GCC_WARN_UNINITIALIZED_AUTOS = YES_AGGRESSIVE;
				GCC_WARN_UNUSED_FUNCTION = YES;
				GCC_WARN_UNUSED_VARIABLE = YES;
				IPHONEOS_DEPLOYMENT_TARGET = 10.0;
				MTL_ENABLE_DEBUG_INFO = YES;
				ONLY_ACTIVE_ARCH = YES;
				SDKROOT = iphoneos;
				SWIFT_ACTIVE_COMPILATION_CONDITIONS = DEBUG;
				SWIFT_OPTIMIZATION_LEVEL = "-Onone";
				TARGETED_DEVICE_FAMILY = "1,2";
			};
			name = Debug;
		};
		17C4081F1D12DA500017B400 /* Release */ = {
			isa = XCBuildConfiguration;
			buildSettings = {
				ALWAYS_SEARCH_USER_PATHS = NO;
				CLANG_ANALYZER_NONNULL = YES;
				CLANG_CXX_LANGUAGE_STANDARD = "gnu++0x";
				CLANG_CXX_LIBRARY = "libc++";
				CLANG_ENABLE_MODULES = YES;
				CLANG_ENABLE_OBJC_ARC = YES;
				CLANG_WARN_BOOL_CONVERSION = YES;
				CLANG_WARN_CONSTANT_CONVERSION = YES;
				CLANG_WARN_DIRECT_OBJC_ISA_USAGE = YES_ERROR;
				CLANG_WARN_DOCUMENTATION_COMMENTS = YES;
				CLANG_WARN_EMPTY_BODY = YES;
				CLANG_WARN_ENUM_CONVERSION = YES;
				CLANG_WARN_INT_CONVERSION = YES;
				CLANG_WARN_OBJC_ROOT_CLASS = YES_ERROR;
				CLANG_WARN_UNREACHABLE_CODE = YES;
				CLANG_WARN__DUPLICATE_METHOD_MATCH = YES;
				"CODE_SIGN_IDENTITY[sdk=iphoneos*]" = "iPhone Developer";
				COPY_PHASE_STRIP = NO;
				DEBUG_INFORMATION_FORMAT = "dwarf-with-dsym";
				ENABLE_NS_ASSERTIONS = NO;
				ENABLE_STRICT_OBJC_MSGSEND = YES;
				GCC_C_LANGUAGE_STANDARD = gnu99;
				GCC_NO_COMMON_BLOCKS = YES;
				GCC_WARN_64_TO_32_BIT_CONVERSION = YES;
				GCC_WARN_ABOUT_RETURN_TYPE = YES_ERROR;
				GCC_WARN_UNDECLARED_SELECTOR = YES;
				GCC_WARN_UNINITIALIZED_AUTOS = YES_AGGRESSIVE;
				GCC_WARN_UNUSED_FUNCTION = YES;
				GCC_WARN_UNUSED_VARIABLE = YES;
				IPHONEOS_DEPLOYMENT_TARGET = 10.0;
				MTL_ENABLE_DEBUG_INFO = NO;
				SDKROOT = iphoneos;
				SWIFT_OPTIMIZATION_LEVEL = "-Owholemodule";
				TARGETED_DEVICE_FAMILY = "1,2";
				VALIDATE_PRODUCT = YES;
			};
			name = Release;
		};
		17C408211D12DA500017B400 /* Debug */ = {
			isa = XCBuildConfiguration;
			buildSettings = {
				ASSETCATALOG_COMPILER_APPICON_NAME = AppIcon;
				INFOPLIST_FILE = "Death Dodger/Info.plist";
				IPHONEOS_DEPLOYMENT_TARGET = 9.0;
				LD_RUNPATH_SEARCH_PATHS = "$(inherited) @executable_path/Frameworks";
				PRODUCT_BUNDLE_IDENTIFIER = com.ethertyper.deathdodger;
				PRODUCT_NAME = "$(TARGET_NAME)";
				SWIFT_VERSION = 3.0;
			};
			name = Debug;
		};
		17C408221D12DA500017B400 /* Release */ = {
			isa = XCBuildConfiguration;
			buildSettings = {
				ASSETCATALOG_COMPILER_APPICON_NAME = AppIcon;
				INFOPLIST_FILE = "Death Dodger/Info.plist";
				IPHONEOS_DEPLOYMENT_TARGET = 9.0;
				LD_RUNPATH_SEARCH_PATHS = "$(inherited) @executable_path/Frameworks";
				PRODUCT_BUNDLE_IDENTIFIER = com.ethertyper.deathdodger;
				PRODUCT_NAME = "$(TARGET_NAME)";
				SWIFT_VERSION = 3.0;
			};
			name = Release;
		};
		17C408241D12DA500017B400 /* Debug */ = {
			isa = XCBuildConfiguration;
			buildSettings = {
				BUNDLE_LOADER = "$(TEST_HOST)";
				DEBUG_INFORMATION_FORMAT = dwarf;
				INFOPLIST_FILE = "Death DodgerTests/Info.plist";
				LD_RUNPATH_SEARCH_PATHS = "$(inherited) @executable_path/Frameworks @loader_path/Frameworks";
				PRODUCT_BUNDLE_IDENTIFIER = "com.ethertyper.Death-DodgerTests";
				PRODUCT_NAME = "$(TARGET_NAME)";
				SWIFT_VERSION = 3.0;
				TEST_HOST = "$(BUILT_PRODUCTS_DIR)/Death Dodger.app/Death Dodger";
			};
			name = Debug;
		};
		17C408251D12DA500017B400 /* Release */ = {
			isa = XCBuildConfiguration;
			buildSettings = {
				BUNDLE_LOADER = "$(TEST_HOST)";
				INFOPLIST_FILE = "Death DodgerTests/Info.plist";
				LD_RUNPATH_SEARCH_PATHS = "$(inherited) @executable_path/Frameworks @loader_path/Frameworks";
				PRODUCT_BUNDLE_IDENTIFIER = "com.ethertyper.Death-DodgerTests";
				PRODUCT_NAME = "$(TARGET_NAME)";
				SWIFT_VERSION = 3.0;
				TEST_HOST = "$(BUILT_PRODUCTS_DIR)/Death Dodger.app/Death Dodger";
			};
			name = Release;
		};
		17C408271D12DA500017B400 /* Debug */ = {
			isa = XCBuildConfiguration;
			buildSettings = {
				DEBUG_INFORMATION_FORMAT = dwarf;
				INFOPLIST_FILE = "Death DodgerUITests/Info.plist";
				LD_RUNPATH_SEARCH_PATHS = "$(inherited) @executable_path/Frameworks @loader_path/Frameworks";
				PRODUCT_BUNDLE_IDENTIFIER = "com.ethertyper.Death-DodgerUITests";
				PRODUCT_NAME = "$(TARGET_NAME)";
				SWIFT_VERSION = 3.0;
				TEST_TARGET_NAME = "Death Dodger";
			};
			name = Debug;
		};
		17C408281D12DA500017B400 /* Release */ = {
			isa = XCBuildConfiguration;
			buildSettings = {
				INFOPLIST_FILE = "Death DodgerUITests/Info.plist";
				LD_RUNPATH_SEARCH_PATHS = "$(inherited) @executable_path/Frameworks @loader_path/Frameworks";
				PRODUCT_BUNDLE_IDENTIFIER = "com.ethertyper.Death-DodgerUITests";
				PRODUCT_NAME = "$(TARGET_NAME)";
				SWIFT_VERSION = 3.0;
				TEST_TARGET_NAME = "Death Dodger";
			};
			name = Release;
		};
/* End XCBuildConfiguration section */

/* Begin XCConfigurationList section */
		17C407ED1D12DA500017B400 /* Build configuration list for PBXProject "Death Dodger" */ = {
			isa = XCConfigurationList;
			buildConfigurations = (
				17C4081E1D12DA500017B400 /* Debug */,
				17C4081F1D12DA500017B400 /* Release */,
			);
			defaultConfigurationIsVisible = 0;
			defaultConfigurationName = Release;
		};
		17C408201D12DA500017B400 /* Build configuration list for PBXNativeTarget "Death Dodger" */ = {
			isa = XCConfigurationList;
			buildConfigurations = (
				17C408211D12DA500017B400 /* Debug */,
				17C408221D12DA500017B400 /* Release */,
			);
			defaultConfigurationIsVisible = 0;
			defaultConfigurationName = Release;
		};
		17C408231D12DA500017B400 /* Build configuration list for PBXNativeTarget "Death DodgerTests" */ = {
			isa = XCConfigurationList;
			buildConfigurations = (
				17C408241D12DA500017B400 /* Debug */,
				17C408251D12DA500017B400 /* Release */,
			);
			defaultConfigurationIsVisible = 0;
			defaultConfigurationName = Release;
		};
		17C408261D12DA500017B400 /* Build configuration list for PBXNativeTarget "Death DodgerUITests" */ = {
			isa = XCConfigurationList;
			buildConfigurations = (
				17C408271D12DA500017B400 /* Debug */,
				17C408281D12DA500017B400 /* Release */,
			);
			defaultConfigurationIsVisible = 0;
			defaultConfigurationName = Release;
		};
/* End XCConfigurationList section */
	};
	rootObject = 17C407EA1D12DA500017B400 /* Project object */;
}
